{
  "requires": true,
  "lockfileVersion": 1,
  "dependencies": {
    "popper.js": {
      "version": "1.14.5",
      "resolved": "https://registry.npmjs.org/popper.js/-/popper.js-1.14.5.tgz",
      "integrity": "sha512-fs4Sd8bZLgEzrk8aS7Em1qh+wcawtE87kRUJQhK6+LndyV1HerX7+LURzAylVaTyWIn5NTB/lyjnWqw/AZ6Yrw=="
    },
    "tippy.js": {
      "version": "3.2.0",
      "resolved": "https://registry.npmjs.org/tippy.js/-/tippy.js-3.2.0.tgz",
      "integrity": "sha512-OBZzx/g0ukTJ4CpS165pNU8RZ1uSWG1rDJHLFol4nA8kt+8VB7DQbnXh/HFEJ2hxo7K3+Np3Acqn0NbJ6iJUIg==",
      "requires": {
        "popper.js": "1.14.5"
      }
    }
  }
}
